
Microsoft Visual Studio Solution File, Format Version 12.00
# Visual Studio Version 17
VisualStudioVersion = 17.14.36203.30 d17.14
MinimumVisualStudioVersion = 10.0.40219.1
Project("{FAE04EC0-301F-11D3-BF4B-00C04F79EFBC}") = "LabWork41", "LabWork41\LabWork41.csproj", "{DDC735FD-3BDC-4DE4-B99B-C52A8CAFFC1E}"
EndProject
Global
	GlobalSection(SolutionConfigurationPlatforms) = preSolution
		Debug|Any CPU = Debug|Any CPU
		Release|Any CPU = Release|Any CPU
	EndGlobalSection
	GlobalSection(ProjectConfigurationPlatforms) = postSolution
		{DDC735FD-3BDC-4DE4-B99B-C52A8CAFFC1E}.Debug|Any CPU.ActiveCfg = Debug|Any CPU
		{DDC735FD-3BDC-4DE4-B99B-C52A8CAFFC1E}.Debug|Any CPU.Build.0 = Debug|Any CPU
		{DDC735FD-3BDC-4DE4-B99B-C52A8CAFFC1E}.Release|Any CPU.ActiveCfg = Release|Any CPU
		{DDC735FD-3BDC-4DE4-B99B-C52A8CAFFC1E}.Release|Any CPU.Build.0 = Release|Any CPU
	EndGlobalSection
	GlobalSection(SolutionProperties) = preSolution
		HideSolutionNode = FALSE
	EndGlobalSection
	GlobalSection(ExtensibilityGlobals) = postSolution
		SolutionGuid = {755FF762-E947-469C-870C-563C0BA36197}
	EndGlobalSection
EndGlobal
